
Microsoft Visual Studio Solution File, Format Version 12.00
# Visual Studio Version 16
VisualStudioVersion = 16.0.34031.81
MinimumVisualStudioVersion = 10.0.40219.1
Project("{2150E333-8FDC-42A3-9474-1A3956D46DE8}") = "TaskReview", "TaskReview", "{17880E1E-1258-4D16-B052-ADF1919489ED}"
EndProject
Project("{FAE04EC0-301F-11D3-BF4B-00C04F79EFBC}") = "Tyuiu.MartysevichAD.Sprint3.TaskReview.V19", "Tyuiu.MartysevichAD.Sprint3.TaskReview.V19\Tyuiu.MartysevichAD.Sprint3.TaskReview.V19.csproj", "{4FA3DA21-A415-48B1-B893-C7C1800A88B9}"
EndProject
Project("{FAE04EC0-301F-11D3-BF4B-00C04F79EFBC}") = "Tyuiu.MartysevichAD.Sprint3.TaskReview.V19.Lib", "Tyuiu.MartysevichAD.Sprint3.TaskReview.V19.Lib\Tyuiu.MartysevichAD.Sprint3.TaskReview.V19.Lib.csproj", "{930E0BC6-65B5-4232-8035-5E20990E112C}"
EndProject
Project("{FAE04EC0-301F-11D3-BF4B-00C04F79EFBC}") = "Tyuiu.MartysevichAD.Sprint3.TaskReview.V19.Test", "Tyuiu.MartysevichAD.Sprint3.TaskReview.V19.Test\Tyuiu.MartysevichAD.Sprint3.TaskReview.V19.Test.csproj", "{A31A7175-0DE2-4BBD-ACB8-9CCDF40014AB}"
EndProject
Global
	GlobalSection(SolutionConfigurationPlatforms) = preSolution
		Debug|Any CPU = Debug|Any CPU
		Release|Any CPU = Release|Any CPU
	EndGlobalSection
	GlobalSection(ProjectConfigurationPlatforms) = postSolution
		{4FA3DA21-A415-48B1-B893-C7C1800A88B9}.Debug|Any CPU.ActiveCfg = Debug|Any CPU
		{4FA3DA21-A415-48B1-B893-C7C1800A88B9}.Debug|Any CPU.Build.0 = Debug|Any CPU
		{4FA3DA21-A415-48B1-B893-C7C1800A88B9}.Release|Any CPU.ActiveCfg = Release|Any CPU
		{4FA3DA21-A415-48B1-B893-C7C1800A88B9}.Release|Any CPU.Build.0 = Release|Any CPU
		{930E0BC6-65B5-4232-8035-5E20990E112C}.Debug|Any CPU.ActiveCfg = Debug|Any CPU
		{930E0BC6-65B5-4232-8035-5E20990E112C}.Debug|Any CPU.Build.0 = Debug|Any CPU
		{930E0BC6-65B5-4232-8035-5E20990E112C}.Release|Any CPU.ActiveCfg = Release|Any CPU
		{930E0BC6-65B5-4232-8035-5E20990E112C}.Release|Any CPU.Build.0 = Release|Any CPU
		{A31A7175-0DE2-4BBD-ACB8-9CCDF40014AB}.Debug|Any CPU.ActiveCfg = Debug|Any CPU
		{A31A7175-0DE2-4BBD-ACB8-9CCDF40014AB}.Debug|Any CPU.Build.0 = Debug|Any CPU
		{A31A7175-0DE2-4BBD-ACB8-9CCDF40014AB}.Release|Any CPU.ActiveCfg = Release|Any CPU
		{A31A7175-0DE2-4BBD-ACB8-9CCDF40014AB}.Release|Any CPU.Build.0 = Release|Any CPU
	EndGlobalSection
	GlobalSection(SolutionProperties) = preSolution
		HideSolutionNode = FALSE
	EndGlobalSection
	GlobalSection(NestedProjects) = preSolution
		{4FA3DA21-A415-48B1-B893-C7C1800A88B9} = {17880E1E-1258-4D16-B052-ADF1919489ED}
		{930E0BC6-65B5-4232-8035-5E20990E112C} = {17880E1E-1258-4D16-B052-ADF1919489ED}
		{A31A7175-0DE2-4BBD-ACB8-9CCDF40014AB} = {17880E1E-1258-4D16-B052-ADF1919489ED}
	EndGlobalSection
	GlobalSection(ExtensibilityGlobals) = postSolution
		SolutionGuid = {B2A2E42F-2D48-4A94-8A80-8D726B244E60}
	EndGlobalSection
EndGlobal
